
Microsoft Visual Studio Solution File, Format Version 12.00
# Visual Studio Version 17
VisualStudioVersion = 17.2.33927.290
MinimumVisualStudioVersion = 10.0.40219.1
Project("{9A19103F-16F7-4668-BE54-9A1E7A4F7556}") = "dgt.poc.api", "dgt.poc.api\dgt.poc.api.csproj", "{85DA7D0E-E381-45F9-ADCF-7034DCA3DDE4}"
EndProject
Project("{2150E333-8FDC-42A3-9474-1A3956D46DE8}") = "deployment", "deployment", "{E3119D59-4275-4CEA-946F-D3C61C854C99}"
	ProjectSection(SolutionItems) = preProject
		docker-compose.yml = docker-compose.yml
		prometheus.yml = prometheus.yml
	EndProjectSection
EndProject
Project("{9A19103F-16F7-4668-BE54-9A1E7A4F7556}") = "dgt.poc.web", "dgt.poc.web\dgt.poc.web.csproj", "{23895738-6371-4F57-8B4C-0A9B4A1E2163}"
EndProject
Global
	GlobalSection(SolutionConfigurationPlatforms) = preSolution
		Debug|Any CPU = Debug|Any CPU
		Release|Any CPU = Release|Any CPU
	EndGlobalSection
	GlobalSection(ProjectConfigurationPlatforms) = postSolution
		{85DA7D0E-E381-45F9-ADCF-7034DCA3DDE4}.Debug|Any CPU.ActiveCfg = Debug|Any CPU
		{85DA7D0E-E381-45F9-ADCF-7034DCA3DDE4}.Debug|Any CPU.Build.0 = Debug|Any CPU
		{85DA7D0E-E381-45F9-ADCF-7034DCA3DDE4}.Release|Any CPU.ActiveCfg = Release|Any CPU
		{85DA7D0E-E381-45F9-ADCF-7034DCA3DDE4}.Release|Any CPU.Build.0 = Release|Any CPU
		{23895738-6371-4F57-8B4C-0A9B4A1E2163}.Debug|Any CPU.ActiveCfg = Debug|Any CPU
		{23895738-6371-4F57-8B4C-0A9B4A1E2163}.Debug|Any CPU.Build.0 = Debug|Any CPU
		{23895738-6371-4F57-8B4C-0A9B4A1E2163}.Release|Any CPU.ActiveCfg = Release|Any CPU
		{23895738-6371-4F57-8B4C-0A9B4A1E2163}.Release|Any CPU.Build.0 = Release|Any CPU
	EndGlobalSection
	GlobalSection(SolutionProperties) = preSolution
		HideSolutionNode = FALSE
	EndGlobalSection
	GlobalSection(ExtensibilityGlobals) = postSolution
		SolutionGuid = {26AFAA44-3158-46BA-B62F-6CAD521E7C12}
	EndGlobalSection
EndGlobal
